// !$*UTF8*$!
{
	archiveVersion = 1;
	classes = {
	};
	objectVersion = 50;
	objects = {

/* Begin PBXBuildFile section */
		8240E2BD2443668F00D79811 /* AppDelegate.swift in Sources */ = {isa = PBXBuildFile; fileRef = 8240E2BC2443668F00D79811 /* AppDelegate.swift */; };
		8240E2BF2443668F00D79811 /* SceneDelegate.swift in Sources */ = {isa = PBXBuildFile; fileRef = 8240E2BE2443668F00D79811 /* SceneDelegate.swift */; };
		8240E2C12443668F00D79811 /* ViewController.swift in Sources */ = {isa = PBXBuildFile; fileRef = 8240E2C02443668F00D79811 /* ViewController.swift */; };
		8240E2C42443668F00D79811 /* Main.storyboard in Resources */ = {isa = PBXBuildFile; fileRef = 8240E2C22443668F00D79811 /* Main.storyboard */; };
		8240E2C62443669400D79811 /* Assets.xcassets in Resources */ = {isa = PBXBuildFile; fileRef = 8240E2C52443669400D79811 /* Assets.xcassets */; };
		8240E2C92443669400D79811 /* LaunchScreen.storyboard in Resources */ = {isa = PBXBuildFile; fileRef = 8240E2C72443669400D79811 /* LaunchScreen.storyboard */; };
		8240E2D324436A0B00D79811 /* TwitterCell.swift in Sources */ = {isa = PBXBuildFile; fileRef = 8240E2D124436A0B00D79811 /* TwitterCell.swift */; };
		8240E2D424436A0B00D79811 /* TwitterCell.xib in Resources */ = {isa = PBXBuildFile; fileRef = 8240E2D224436A0B00D79811 /* TwitterCell.xib */; };
		8240E2D7244373B100D79811 /* TwitterHeaderFooter.swift in Sources */ = {isa = PBXBuildFile; fileRef = 8240E2D6244373B100D79811 /* TwitterHeaderFooter.swift */; };
		8240E2D9244375FB00D79811 /* TwitterHeaderFooter.xib in Resources */ = {isa = PBXBuildFile; fileRef = 8240E2D8244375FB00D79811 /* TwitterHeaderFooter.xib */; };
		8240E2DC24437C9E00D79811 /* TwitterFooterHeader.swift in Sources */ = {isa = PBXBuildFile; fileRef = 8240E2DB24437C9E00D79811 /* TwitterFooterHeader.swift */; };
		8240E2DE24437CAE00D79811 /* TwitterFooterHeader.xib in Resources */ = {isa = PBXBuildFile; fileRef = 8240E2DD24437CAE00D79811 /* TwitterFooterHeader.xib */; };
		8240E2E024437FC800D79811 /* UserViewModel.swift in Sources */ = {isa = PBXBuildFile; fileRef = 8240E2DF24437FC800D79811 /* UserViewModel.swift */; };
		82EBAF8C245DB5A60081C955 /* TwitterVCTests.swift in Sources */ = {isa = PBXBuildFile; fileRef = 82EBAF8B245DB5A60081C955 /* TwitterVCTests.swift */; };
/* End PBXBuildFile section */

/* Begin PBXContainerItemProxy section */
		82EBAF8E245DB5A60081C955 /* PBXContainerItemProxy */ = {
			isa = PBXContainerItemProxy;
			containerPortal = 8240E2B12443668F00D79811 /* Project object */;
			proxyType = 1;
			remoteGlobalIDString = 8240E2B82443668F00D79811;
			remoteInfo = TwitterVC;
		};
/* End PBXContainerItemProxy section */

/* Begin PBXFileReference section */
		8240E2B92443668F00D79811 /* TwitterVC.app */ = {isa = PBXFileReference; explicitFileType = wrapper.application; includeInIndex = 0; path = TwitterVC.app; sourceTree = BUILT_PRODUCTS_DIR; };
		8240E2BC2443668F00D79811 /* AppDelegate.swift */ = {isa = PBXFileReference; lastKnownFileType = sourcecode.swift; path = AppDelegate.swift; sourceTree = "<group>"; };
		8240E2BE2443668F00D79811 /* SceneDelegate.swift */ = {isa = PBXFileReference; lastKnownFileType = sourcecode.swift; path = SceneDelegate.swift; sourceTree = "<group>"; };
		8240E2C02443668F00D79811 /* ViewController.swift */ = {isa = PBXFileReference; lastKnownFileType = sourcecode.swift; path = ViewController.swift; sourceTree = "<group>"; };
		8240E2C32443668F00D79811 /* Base */ = {isa = PBXFileReference; lastKnownFileType = file.storyboard; name = Base; path = Base.lproj/Main.storyboard; sourceTree = "<group>"; };
		8240E2C52443669400D79811 /* Assets.xcassets */ = {isa = PBXFileReference; lastKnownFileType = folder.assetcatalog; path = Assets.xcassets; sourceTree = "<group>"; };
		8240E2C82443669400D79811 /* Base */ = {isa = PBXFileReference; lastKnownFileType = file.storyboard; name = Base; path = Base.lproj/LaunchScreen.storyboard; sourceTree = "<group>"; };
		8240E2CA2443669400D79811 /* Info.plist */ = {isa = PBXFileReference; lastKnownFileType = text.plist.xml; path = Info.plist; sourceTree = "<group>"; };
		8240E2D124436A0B00D79811 /* TwitterCell.swift */ = {isa = PBXFileReference; lastKnownFileType = sourcecode.swift; path = TwitterCell.swift; sourceTree = "<group>"; };
		8240E2D224436A0B00D79811 /* TwitterCell.xib */ = {isa = PBXFileReference; lastKnownFileType = file.xib; path = TwitterCell.xib; sourceTree = "<group>"; };
		8240E2D6244373B100D79811 /* TwitterHeaderFooter.swift */ = {isa = PBXFileReference; lastKnownFileType = sourcecode.swift; path = TwitterHeaderFooter.swift; sourceTree = "<group>"; };
		8240E2D8244375FB00D79811 /* TwitterHeaderFooter.xib */ = {isa = PBXFileReference; lastKnownFileType = file.xib; path = TwitterHeaderFooter.xib; sourceTree = "<group>"; };
		8240E2DB24437C9E00D79811 /* TwitterFooterHeader.swift */ = {isa = PBXFileReference; lastKnownFileType = sourcecode.swift; path = TwitterFooterHeader.swift; sourceTree = "<group>"; };
		8240E2DD24437CAE00D79811 /* TwitterFooterHeader.xib */ = {isa = PBXFileReference; lastKnownFileType = file.xib; path = TwitterFooterHeader.xib; sourceTree = "<group>"; };
		8240E2DF24437FC800D79811 /* UserViewModel.swift */ = {isa = PBXFileReference; lastKnownFileType = sourcecode.swift; path = UserViewModel.swift; sourceTree = "<group>"; };
		82EBAF89245DB5A60081C955 /* TwitterVCTests.xctest */ = {isa = PBXFileReference; explicitFileType = wrapper.cfbundle; includeInIndex = 0; path = TwitterVCTests.xctest; sourceTree = BUILT_PRODUCTS_DIR; };
		82EBAF8B245DB5A60081C955 /* TwitterVCTests.swift */ = {isa = PBXFileReference; lastKnownFileType = sourcecode.swift; path = TwitterVCTests.swift; sourceTree = "<group>"; };
		82EBAF8D245DB5A60081C955 /* Info.plist */ = {isa = PBXFileReference; lastKnownFileType = text.plist.xml; path = Info.plist; sourceTree = "<group>"; };
/* End PBXFileReference section */

/* Begin PBXFrameworksBuildPhase section */
		8240E2B62443668F00D79811 /* Frameworks */ = {
			isa = PBXFrameworksBuildPhase;
			buildActionMask = 2147483647;
			files = (
			);
			runOnlyForDeploymentPostprocessing = 0;
		};
		82EBAF86245DB5A60081C955 /* Frameworks */ = {
			isa = PBXFrameworksBuildPhase;
			buildActionMask = 2147483647;
			files = (
			);
			runOnlyForDeploymentPostprocessing = 0;
		};
/* End PBXFrameworksBuildPhase section */

/* Begin PBXGroup section */
		8240E2B02443668F00D79811 = {
			isa = PBXGroup;
			children = (
				8240E2BB2443668F00D79811 /* TwitterVC */,
				82EBAF8A245DB5A60081C955 /* TwitterVCTests */,
				8240E2BA2443668F00D79811 /* Products */,
			);
			sourceTree = "<group>";
		};
		8240E2BA2443668F00D79811 /* Products */ = {
			isa = PBXGroup;
			children = (
				8240E2B92443668F00D79811 /* TwitterVC.app */,
				82EBAF89245DB5A60081C955 /* TwitterVCTests.xctest */,
			);
			name = Products;
			sourceTree = "<group>";
		};
		8240E2BB2443668F00D79811 /* TwitterVC */ = {
			isa = PBXGroup;
			children = (
				82EBAF94245DB6610081C955 /* View */,
				82EBAF93245DB64E0081C955 /* ModelView */,
				8240E2D52443729D00D79811 /* headerFooter */,
				8240E2D0244369DD00D79811 /* Cell */,
				8240E2C22443668F00D79811 /* Main.storyboard */,
				8240E2C52443669400D79811 /* Assets.xcassets */,
				8240E2C72443669400D79811 /* LaunchScreen.storyboard */,
				8240E2CA2443669400D79811 /* Info.plist */,
			);
			path = TwitterVC;
			sourceTree = "<group>";
		};
		8240E2D0244369DD00D79811 /* Cell */ = {
			isa = PBXGroup;
			children = (
				8240E2D124436A0B00D79811 /* TwitterCell.swift */,
				8240E2D224436A0B00D79811 /* TwitterCell.xib */,
			);
			path = Cell;
			sourceTree = "<group>";
		};
		8240E2D52443729D00D79811 /* headerFooter */ = {
			isa = PBXGroup;
			children = (
				8240E2D6244373B100D79811 /* TwitterHeaderFooter.swift */,
				8240E2D8244375FB00D79811 /* TwitterHeaderFooter.xib */,
				8240E2DB24437C9E00D79811 /* TwitterFooterHeader.swift */,
				8240E2DD24437CAE00D79811 /* TwitterFooterHeader.xib */,
			);
			path = headerFooter;
			sourceTree = "<group>";
		};
		82EBAF8A245DB5A60081C955 /* TwitterVCTests */ = {
			isa = PBXGroup;
			children = (
				82EBAF8B245DB5A60081C955 /* TwitterVCTests.swift */,
				82EBAF8D245DB5A60081C955 /* Info.plist */,
			);
			path = TwitterVCTests;
			sourceTree = "<group>";
		};
		82EBAF93245DB64E0081C955 /* ModelView */ = {
			isa = PBXGroup;
			children = (
				8240E2DF24437FC800D79811 /* UserViewModel.swift */,
			);
			path = ModelView;
			sourceTree = "<group>";
		};
		82EBAF94245DB6610081C955 /* View */ = {
			isa = PBXGroup;
			children = (
				8240E2BC2443668F00D79811 /* AppDelegate.swift */,
				8240E2BE2443668F00D79811 /* SceneDelegate.swift */,
				8240E2C02443668F00D79811 /* ViewController.swift */,
			);
			path = View;
			sourceTree = "<group>";
		};
/* End PBXGroup section */

/* Begin PBXNativeTarget section */
		8240E2B82443668F00D79811 /* TwitterVC */ = {
			isa = PBXNativeTarget;
			buildConfigurationList = 8240E2CD2443669400D79811 /* Build configuration list for PBXNativeTarget "TwitterVC" */;
			buildPhases = (
				8240E2B52443668F00D79811 /* Sources */,
				8240E2B62443668F00D79811 /* Frameworks */,
				8240E2B72443668F00D79811 /* Resources */,
			);
			buildRules = (
			);
			dependencies = (
			);
			name = TwitterVC;
			productName = TwitterVC;
			productReference = 8240E2B92443668F00D79811 /* TwitterVC.app */;
			productType = "com.apple.product-type.application";
		};
		82EBAF88245DB5A60081C955 /* TwitterVCTests */ = {
			isa = PBXNativeTarget;
			buildConfigurationList = 82EBAF92245DB5A60081C955 /* Build configuration list for PBXNativeTarget "TwitterVCTests" */;
			buildPhases = (
				82EBAF85245DB5A60081C955 /* Sources */,
				82EBAF86245DB5A60081C955 /* Frameworks */,
				82EBAF87245DB5A60081C955 /* Resources */,
			);
			buildRules = (
			);
			dependencies = (
				82EBAF8F245DB5A60081C955 /* PBXTargetDependency */,
			);
			name = TwitterVCTests;
			productName = TwitterVCTests;
			productReference = 82EBAF89245DB5A60081C955 /* TwitterVCTests.xctest */;
			productType = "com.apple.product-type.bundle.unit-test";
		};
/* End PBXNativeTarget section */

/* Begin PBXProject section */
		8240E2B12443668F00D79811 /* Project object */ = {
			isa = PBXProject;
			attributes = {
				LastSwiftUpdateCheck = 1110;
				LastUpgradeCheck = 1110;
				ORGANIZATIONNAME = DOH;
				TargetAttributes = {
					8240E2B82443668F00D79811 = {
						CreatedOnToolsVersion = 11.1;
					};
					82EBAF88245DB5A60081C955 = {
						CreatedOnToolsVersion = 11.1;
						TestTargetID = 8240E2B82443668F00D79811;
					};
				};
			};
			buildConfigurationList = 8240E2B42443668F00D79811 /* Build configuration list for PBXProject "TwitterVC" */;
			compatibilityVersion = "Xcode 9.3";
			developmentRegion = en;
			hasScannedForEncodings = 0;
			knownRegions = (
				en,
				Base,
			);
			mainGroup = 8240E2B02443668F00D79811;
			productRefGroup = 8240E2BA2443668F00D79811 /* Products */;
			projectDirPath = "";
			projectRoot = "";
			targets = (
				8240E2B82443668F00D79811 /* TwitterVC */,
				82EBAF88245DB5A60081C955 /* TwitterVCTests */,
			);
		};
/* End PBXProject section */

/* Begin PBXResourcesBuildPhase section */
		8240E2B72443668F00D79811 /* Resources */ = {
			isa = PBXResourcesBuildPhase;
			buildActionMask = 2147483647;
			files = (
				8240E2C92443669400D79811 /* LaunchScreen.storyboard in Resources */,
				8240E2C62443669400D79811 /* Assets.xcassets in Resources */,
				8240E2C42443668F00D79811 /* Main.storyboard in Resources */,
				8240E2D424436A0B00D79811 /* TwitterCell.xib in Resources */,
				8240E2D9244375FB00D79811 /* TwitterHeaderFooter.xib in Resources */,
				8240E2DE24437CAE00D79811 /* TwitterFooterHeader.xib in Resources */,
			);
			runOnlyForDeploymentPostprocessing = 0;
		};
		82EBAF87245DB5A60081C955 /* Resources */ = {
			isa = PBXResourcesBuildPhase;
			buildActionMask = 2147483647;
			files = (
			);
			runOnlyForDeploymentPostprocessing = 0;
		};
/* End PBXResourcesBuildPhase section */

/* Begin PBXSourcesBuildPhase section */
		8240E2B52443668F00D79811 /* Sources */ = {
			isa = PBXSourcesBuildPhase;
			buildActionMask = 2147483647;
			files = (
				8240E2D7244373B100D79811 /* TwitterHeaderFooter.swift in Sources */,
				8240E2C12443668F00D79811 /* ViewController.swift in Sources */,
				8240E2BD2443668F00D79811 /* AppDelegate.swift in Sources */,
				8240E2DC24437C9E00D79811 /* TwitterFooterHeader.swift in Sources */,
				8240E2BF2443668F00D79811 /* SceneDelegate.swift in Sources */,
				8240E2E024437FC800D79811 /* UserViewModel.swift in Sources */,
				8240E2D324436A0B00D79811 /* TwitterCell.swift in Sources */,
			);
			runOnlyForDeploymentPostprocessing = 0;
		};
		82EBAF85245DB5A60081C955 /* Sources */ = {
			isa = PBXSourcesBuildPhase;
			buildActionMask = 2147483647;
			files = (
				82EBAF8C245DB5A60081C955 /* TwitterVCTests.swift in Sources */,
			);
			runOnlyForDeploymentPostprocessing = 0;
		};
/* End PBXSourcesBuildPhase section */

/* Begin PBXTargetDependency section */
		82EBAF8F245DB5A60081C955 /* PBXTargetDependency */ = {
			isa = PBXTargetDependency;
			target = 8240E2B82443668F00D79811 /* TwitterVC */;
			targetProxy = 82EBAF8E245DB5A60081C955 /* PBXContainerItemProxy */;
		};
/* End PBXTargetDependency section */

/* Begin PBXVariantGroup section */
		8240E2C22443668F00D79811 /* Main.storyboard */ = {
			isa = PBXVariantGroup;
			children = (
				8240E2C32443668F00D79811 /* Base */,
			);
			name = Main.storyboard;
			sourceTree = "<group>";
		};
		8240E2C72443669400D79811 /* LaunchScreen.storyboard */ = {
			isa = PBXVariantGroup;
			children = (
				8240E2C82443669400D79811 /* Base */,
			);
			name = LaunchScreen.storyboard;
			sourceTree = "<group>";
		};
/* End PBXVariantGroup section */

/* Begin XCBuildConfiguration section */
		8240E2CB2443669400D79811 /* Debug */ = {
			isa = XCBuildConfiguration;
			buildSettings = {
				ALWAYS_SEARCH_USER_PATHS = NO;
				CLANG_ANALYZER_NONNULL = YES;
				CLANG_ANALYZER_NUMBER_OBJECT_CONVERSION = YES_AGGRESSIVE;
				CLANG_CXX_LANGUAGE_STANDARD = "gnu++14";
				CLANG_CXX_LIBRARY = "libc++";
				CLANG_ENABLE_MODULES = YES;
				CLANG_ENABLE_OBJC_ARC = YES;
				CLANG_ENABLE_OBJC_WEAK = YES;
				CLANG_WARN_BLOCK_CAPTURE_AUTORELEASING = YES;
				CLANG_WARN_BOOL_CONVERSION = YES;
				CLANG_WARN_COMMA = YES;
				CLANG_WARN_CONSTANT_CONVERSION = YES;
				CLANG_WARN_DEPRECATED_OBJC_IMPLEMENTATIONS = YES;
				CLANG_WARN_DIRECT_OBJC_ISA_USAGE = YES_ERROR;
				CLANG_WARN_DOCUMENTATION_COMMENTS = YES;
				CLANG_WARN_EMPTY_BODY = YES;
				CLANG_WARN_ENUM_CONVERSION = YES;
				CLANG_WARN_INFINITE_RECURSION = YES;
				CLANG_WARN_INT_CONVERSION = YES;
				CLANG_WARN_NON_LITERAL_NULL_CONVERSION = YES;
				CLANG_WARN_OBJC_IMPLICIT_RETAIN_SELF = YES;
				CLANG_WARN_OBJC_LITERAL_CONVERSION = YES;
				CLANG_WARN_OBJC_ROOT_CLASS = YES_ERROR;
				CLANG_WARN_RANGE_LOOP_ANALYSIS = YES;
				CLANG_WARN_STRICT_PROTOTYPES = YES;
				CLANG_WARN_SUSPICIOUS_MOVE = YES;
				CLANG_WARN_UNGUARDED_AVAILABILITY = YES_AGGRESSIVE;
				CLANG_WARN_UNREACHABLE_CODE = YES;
				CLANG_WARN__DUPLICATE_METHOD_MATCH = YES;
				COPY_PHASE_STRIP = NO;
				DEBUG_INFORMATION_FORMAT = dwarf;
				ENABLE_STRICT_OBJC_MSGSEND = YES;
				ENABLE_TESTABILITY = YES;
				GCC_C_LANGUAGE_STANDARD = gnu11;
				GCC_DYNAMIC_NO_PIC = NO;
				GCC_NO_COMMON_BLOCKS = YES;
				GCC_OPTIMIZATION_LEVEL = 0;
				GCC_PREPROCESSOR_DEFINITIONS = (
					"DEBUG=1",
					"$(inherited)",
				);
				GCC_WARN_64_TO_32_BIT_CONVERSION = YES;
				GCC_WARN_ABOUT_RETURN_TYPE = YES_ERROR;
				GCC_WARN_UNDECLARED_SELECTOR = YES;
				GCC_WARN_UNINITIALIZED_AUTOS = YES_AGGRESSIVE;
				GCC_WARN_UNUSED_FUNCTION = YES;
				GCC_WARN_UNUSED_VARIABLE = YES;
				IPHONEOS_DEPLOYMENT_TARGET = 13.1;
				MTL_ENABLE_DEBUG_INFO = INCLUDE_SOURCE;
				MTL_FAST_MATH = YES;
				ONLY_ACTIVE_ARCH = YES;
				SDKROOT = iphoneos;
				SWIFT_ACTIVE_COMPILATION_CONDITIONS = DEBUG;
				SWIFT_OPTIMIZATION_LEVEL = "-Onone";
			};
			name = Debug;
		};
		8240E2CC2443669400D79811 /* Release */ = {
			isa = XCBuildConfiguration;
			buildSettings = {
				ALWAYS_SEARCH_USER_PATHS = NO;
				CLANG_ANALYZER_NONNULL = YES;
				CLANG_ANALYZER_NUMBER_OBJECT_CONVERSION = YES_AGGRESSIVE;
				CLANG_CXX_LANGUAGE_STANDARD = "gnu++14";
				CLANG_CXX_LIBRARY = "libc++";
				CLANG_ENABLE_MODULES = YES;
				CLANG_ENABLE_OBJC_ARC = YES;
				CLANG_ENABLE_OBJC_WEAK = YES;
				CLANG_WARN_BLOCK_CAPTURE_AUTORELEASING = YES;
				CLANG_WARN_BOOL_CONVERSION = YES;
				CLANG_WARN_COMMA = YES;
				CLANG_WARN_CONSTANT_CONVERSION = YES;
				CLANG_WARN_DEPRECATED_OBJC_IMPLEMENTATIONS = YES;
				CLANG_WARN_DIRECT_OBJC_ISA_USAGE = YES_ERROR;
				CLANG_WARN_DOCUMENTATION_COMMENTS = YES;
				CLANG_WARN_EMPTY_BODY = YES;
				CLANG_WARN_ENUM_CONVERSION = YES;
				CLANG_WARN_INFINITE_RECURSION = YES;
				CLANG_WARN_INT_CONVERSION = YES;
				CLANG_WARN_NON_LITERAL_NULL_CONVERSION = YES;
				CLANG_WARN_OBJC_IMPLICIT_RETAIN_SELF = YES;
				CLANG_WARN_OBJC_LITERAL_CONVERSION = YES;
				CLANG_WARN_OBJC_ROOT_CLASS = YES_ERROR;
				CLANG_WARN_RANGE_LOOP_ANALYSIS = YES;
				CLANG_WARN_STRICT_PROTOTYPES = YES;
				CLANG_WARN_SUSPICIOUS_MOVE = YES;
				CLANG_WARN_UNGUARDED_AVAILABILITY = YES_AGGRESSIVE;
				CLANG_WARN_UNREACHABLE_CODE = YES;
				CLANG_WARN__DUPLICATE_METHOD_MATCH = YES;
				COPY_PHASE_STRIP = NO;
				DEBUG_INFORMATION_FORMAT = "dwarf-with-dsym";
				ENABLE_NS_ASSERTIONS = NO;
				ENABLE_STRICT_OBJC_MSGSEND = YES;
				GCC_C_LANGUAGE_STANDARD = gnu11;
				GCC_NO_COMMON_BLOCKS = YES;
				GCC_WARN_64_TO_32_BIT_CONVERSION = YES;
				GCC_WARN_ABOUT_RETURN_TYPE = YES_ERROR;
				GCC_WARN_UNDECLARED_SELECTOR = YES;
				GCC_WARN_UNINITIALIZED_AUTOS = YES_AGGRESSIVE;
				GCC_WARN_UNUSED_FUNCTION = YES;
				GCC_WARN_UNUSED_VARIABLE = YES;
				IPHONEOS_DEPLOYMENT_TARGET = 13.1;
				MTL_ENABLE_DEBUG_INFO = NO;
				MTL_FAST_MATH = YES;
				SDKROOT = iphoneos;
				SWIFT_COMPILATION_MODE = wholemodule;
				SWIFT_OPTIMIZATION_LEVEL = "-O";
				VALIDATE_PRODUCT = YES;
			};
			name = Release;
		};
		8240E2CE2443669400D79811 /* Debug */ = {
			isa = XCBuildConfiguration;
			buildSettings = {
				ASSETCATALOG_COMPILER_APPICON_NAME = AppIcon;
				CODE_SIGN_STYLE = Automatic;
				DEVELOPMENT_TEAM = DZHAL8F38Z;
				INFOPLIST_FILE = TwitterVC/Info.plist;
				LD_RUNPATH_SEARCH_PATHS = (
					"$(inherited)",
					"@executable_path/Frameworks",
				);
				PRODUCT_BUNDLE_IDENTIFIER = doh.TwitterVC;
				PRODUCT_NAME = "$(TARGET_NAME)";
				SWIFT_VERSION = 5.0;
				TARGETED_DEVICE_FAMILY = "1,2";
			};
			name = Debug;
		};
		8240E2CF2443669400D79811 /* Release */ = {
			isa = XCBuildConfiguration;
			buildSettings = {
				ASSETCATALOG_COMPILER_APPICON_NAME = AppIcon;
				CODE_SIGN_STYLE = Automatic;
				DEVELOPMENT_TEAM = DZHAL8F38Z;
				INFOPLIST_FILE = TwitterVC/Info.plist;
				LD_RUNPATH_SEARCH_PATHS = (
					"$(inherited)",
					"@executable_path/Frameworks",
				);
				PRODUCT_BUNDLE_IDENTIFIER = doh.TwitterVC;
				PRODUCT_NAME = "$(TARGET_NAME)";
				SWIFT_VERSION = 5.0;
				TARGETED_DEVICE_FAMILY = "1,2";
			};
			name = Release;
		};
		82EBAF90245DB5A60081C955 /* Debug */ = {
			isa = XCBuildConfiguration;
			buildSettings = {
				BUNDLE_LOADER = "$(TEST_HOST)";
				CODE_SIGN_STYLE = Automatic;
				DEVELOPMENT_TEAM = DZHAL8F38Z;
				INFOPLIST_FILE = TwitterVCTests/Info.plist;
				LD_RUNPATH_SEARCH_PATHS = (
					"$(inherited)",
					"@executable_path/Frameworks",
					"@loader_path/Frameworks",
				);
				PRODUCT_BUNDLE_IDENTIFIER = doh.TwitterVCTests;
				PRODUCT_NAME = "$(TARGET_NAME)";
				SWIFT_VERSION = 5.0;
				TARGETED_DEVICE_FAMILY = "1,2";
				TEST_HOST = "$(BUILT_PRODUCTS_DIR)/TwitterVC.app/TwitterVC";
			};
			name = Debug;
		};
		82EBAF91245DB5A60081C955 /* Release */ = {
			isa = XCBuildConfiguration;
			buildSettings = {
				BUNDLE_LOADER = "$(TEST_HOST)";
				CODE_SIGN_STYLE = Automatic;
				DEVELOPMENT_TEAM = DZHAL8F38Z;
				INFOPLIST_FILE = TwitterVCTests/Info.plist;
				LD_RUNPATH_SEARCH_PATHS = (
					"$(inherited)",
					"@executable_path/Frameworks",
					"@loader_path/Frameworks",
				);
				PRODUCT_BUNDLE_IDENTIFIER = doh.TwitterVCTests;
				PRODUCT_NAME = "$(TARGET_NAME)";
				SWIFT_VERSION = 5.0;
				TARGETED_DEVICE_FAMILY = "1,2";
				TEST_HOST = "$(BUILT_PRODUCTS_DIR)/TwitterVC.app/TwitterVC";
			};
			name = Release;
		};
/* End XCBuildConfiguration section */

/* Begin XCConfigurationList section */
		8240E2B42443668F00D79811 /* Build configuration list for PBXProject "TwitterVC" */ = {
			isa = XCConfigurationList;
			buildConfigurations = (
				8240E2CB2443669400D79811 /* Debug */,
				8240E2CC2443669400D79811 /* Release */,
			);
			defaultConfigurationIsVisible = 0;
			defaultConfigurationName = Release;
		};
		8240E2CD2443669400D79811 /* Build configuration list for PBXNativeTarget "TwitterVC" */ = {
			isa = XCConfigurationList;
			buildConfigurations = (
				8240E2CE2443669400D79811 /* Debug */,
				8240E2CF2443669400D79811 /* Release */,
			);
			defaultConfigurationIsVisible = 0;
			defaultConfigurationName = Release;
		};
		82EBAF92245DB5A60081C955 /* Build configuration list for PBXNativeTarget "TwitterVCTests" */ = {
			isa = XCConfigurationList;
			buildConfigurations = (
				82EBAF90245DB5A60081C955 /* Debug */,
				82EBAF91245DB5A60081C955 /* Release */,
			);
			defaultConfigurationIsVisible = 0;
			defaultConfigurationName = Release;
		};
/* End XCConfigurationList section */
	};
	rootObject = 8240E2B12443668F00D79811 /* Project object */;
}
